
Microsoft Visual Studio Solution File, Format Version 12.00
# Visual Studio Version 17
VisualStudioVersion = 17.2.32516.85
MinimumVisualStudioVersion = 10.0.40219.1
Project("{9A19103F-16F7-4668-BE54-9A1E7A4F7556}") = "ApiTienda", "APITienda\ApiTienda.csproj", "{95FB3DBE-0851-4B3A-B70C-724DEA92D6B5}"
EndProject
Project("{FAE04EC0-301F-11D3-BF4B-00C04F79EFBC}") = "FunctionFinanciera", "FunctionFinanciera\FunctionFinanciera.csproj", "{28B1859A-439C-4CB0-8C53-F4E13DE4A981}"
EndProject
Project("{FAE04EC0-301F-11D3-BF4B-00C04F79EFBC}") = "ApiFinanciera", "ApiFinanciera\ApiFinanciera.csproj", "{25AFD73E-2C6E-43A4-ADBD-BEF9E159077A}"
EndProject
Global
	GlobalSection(SolutionConfigurationPlatforms) = preSolution
		Debug|Any CPU = Debug|Any CPU
		Release|Any CPU = Release|Any CPU
	EndGlobalSection
	GlobalSection(ProjectConfigurationPlatforms) = postSolution
		{95FB3DBE-0851-4B3A-B70C-724DEA92D6B5}.Debug|Any CPU.ActiveCfg = Debug|Any CPU
		{95FB3DBE-0851-4B3A-B70C-724DEA92D6B5}.Debug|Any CPU.Build.0 = Debug|Any CPU
		{95FB3DBE-0851-4B3A-B70C-724DEA92D6B5}.Release|Any CPU.ActiveCfg = Release|Any CPU
		{95FB3DBE-0851-4B3A-B70C-724DEA92D6B5}.Release|Any CPU.Build.0 = Release|Any CPU
		{28B1859A-439C-4CB0-8C53-F4E13DE4A981}.Debug|Any CPU.ActiveCfg = Debug|Any CPU
		{28B1859A-439C-4CB0-8C53-F4E13DE4A981}.Debug|Any CPU.Build.0 = Debug|Any CPU
		{28B1859A-439C-4CB0-8C53-F4E13DE4A981}.Release|Any CPU.ActiveCfg = Release|Any CPU
		{28B1859A-439C-4CB0-8C53-F4E13DE4A981}.Release|Any CPU.Build.0 = Release|Any CPU
		{25AFD73E-2C6E-43A4-ADBD-BEF9E159077A}.Debug|Any CPU.ActiveCfg = Debug|Any CPU
		{25AFD73E-2C6E-43A4-ADBD-BEF9E159077A}.Debug|Any CPU.Build.0 = Debug|Any CPU
		{25AFD73E-2C6E-43A4-ADBD-BEF9E159077A}.Release|Any CPU.ActiveCfg = Release|Any CPU
		{25AFD73E-2C6E-43A4-ADBD-BEF9E159077A}.Release|Any CPU.Build.0 = Release|Any CPU
	EndGlobalSection
	GlobalSection(SolutionProperties) = preSolution
		HideSolutionNode = FALSE
	EndGlobalSection
	GlobalSection(ExtensibilityGlobals) = postSolution
		SolutionGuid = {DACF4F0F-3F7C-4025-9869-ACC13E9820FE}
	EndGlobalSection
EndGlobal
